
Microsoft Visual Studio Solution File, Format Version 12.00
# Visual Studio Version 17
VisualStudioVersion = 17.6.33723.286
MinimumVisualStudioVersion = 10.0.40219.1
Project("{FAE04EC0-301F-11D3-BF4B-00C04F79EFBC}") = "CSProjeDemo1", "CSProjeDemo1\CSProjeDemo1.csproj", "{BEAC3D1F-9ADF-4890-BA33-5297AF47EA40}"
EndProject
Global
	GlobalSection(SolutionConfigurationPlatforms) = preSolution
		Debug|Any CPU = Debug|Any CPU
		Release|Any CPU = Release|Any CPU
	EndGlobalSection
	GlobalSection(ProjectConfigurationPlatforms) = postSolution
		{BEAC3D1F-9ADF-4890-BA33-5297AF47EA40}.Debug|Any CPU.ActiveCfg = Debug|Any CPU
		{BEAC3D1F-9ADF-4890-BA33-5297AF47EA40}.Debug|Any CPU.Build.0 = Debug|Any CPU
		{BEAC3D1F-9ADF-4890-BA33-5297AF47EA40}.Release|Any CPU.ActiveCfg = Release|Any CPU
		{BEAC3D1F-9ADF-4890-BA33-5297AF47EA40}.Release|Any CPU.Build.0 = Release|Any CPU
	EndGlobalSection
	GlobalSection(SolutionProperties) = preSolution
		HideSolutionNode = FALSE
	EndGlobalSection
	GlobalSection(ExtensibilityGlobals) = postSolution
		SolutionGuid = {4C5431D3-7185-4189-BB96-594E032BA3B8}
	EndGlobalSection
EndGlobal
